
Microsoft Visual Studio Solution File, Format Version 12.00
# Visual Studio 15
VisualStudioVersion = 15.0.27703.2042
MinimumVisualStudioVersion = 10.0.40219.1
Project("{FAE04EC0-301F-11D3-BF4B-00C04F79EFBC}") = "Kata003", "Kata003\Kata003.csproj", "{0FB66DEA-C735-428E-941D-35E02E2C4109}"
EndProject
Project("{FAE04EC0-301F-11D3-BF4B-00C04F79EFBC}") = "Kata003.Test", "Kata003.Test\Kata003.Test.csproj", "{2C7B8138-E609-4BB7-A24A-B0FE55A23683}"
EndProject
Global
	GlobalSection(SolutionConfigurationPlatforms) = preSolution
		Debug|Any CPU = Debug|Any CPU
		Release|Any CPU = Release|Any CPU
	EndGlobalSection
	GlobalSection(ProjectConfigurationPlatforms) = postSolution
		{0FB66DEA-C735-428E-941D-35E02E2C4109}.Debug|Any CPU.ActiveCfg = Debug|Any CPU
		{0FB66DEA-C735-428E-941D-35E02E2C4109}.Debug|Any CPU.Build.0 = Debug|Any CPU
		{0FB66DEA-C735-428E-941D-35E02E2C4109}.Release|Any CPU.ActiveCfg = Release|Any CPU
		{0FB66DEA-C735-428E-941D-35E02E2C4109}.Release|Any CPU.Build.0 = Release|Any CPU
		{2C7B8138-E609-4BB7-A24A-B0FE55A23683}.Debug|Any CPU.ActiveCfg = Debug|Any CPU
		{2C7B8138-E609-4BB7-A24A-B0FE55A23683}.Debug|Any CPU.Build.0 = Debug|Any CPU
		{2C7B8138-E609-4BB7-A24A-B0FE55A23683}.Release|Any CPU.ActiveCfg = Release|Any CPU
		{2C7B8138-E609-4BB7-A24A-B0FE55A23683}.Release|Any CPU.Build.0 = Release|Any CPU
	EndGlobalSection
	GlobalSection(SolutionProperties) = preSolution
		HideSolutionNode = FALSE
	EndGlobalSection
	GlobalSection(ExtensibilityGlobals) = postSolution
		SolutionGuid = {32BCD8EA-49D4-4F51-B117-6533BBA4011C}
	EndGlobalSection
EndGlobal
