
Microsoft Visual Studio Solution File, Format Version 12.00
# Visual Studio Version 16
VisualStudioVersion = 16.0.28803.452
MinimumVisualStudioVersion = 10.0.40219.1
Project("{9A19103F-16F7-4668-BE54-9A1E7A4F7556}") = "Kata003", "Kata003\Kata003.csproj", "{0FB66DEA-C735-428E-941D-35E02E2C4109}"
EndProject
Project("{9A19103F-16F7-4668-BE54-9A1E7A4F7556}") = "Kata003.Test", "Kata003.Test\Kata003.Test.csproj", "{2C7B8138-E609-4BB7-A24A-B0FE55A23683}"
EndProject
Project("{2150E333-8FDC-42A3-9474-1A3956D46DE8}") = "Solution Items", "Solution Items", "{98030EAF-7673-4767-A9DC-C6C915868C36}"
	ProjectSection(SolutionItems) = preProject
		readme.md = readme.md
	EndProjectSection
EndProject
Global
	GlobalSection(SolutionConfigurationPlatforms) = preSolution
		Debug|Any CPU = Debug|Any CPU
		Release|Any CPU = Release|Any CPU
	EndGlobalSection
	GlobalSection(ProjectConfigurationPlatforms) = postSolution
		{0FB66DEA-C735-428E-941D-35E02E2C4109}.Debug|Any CPU.ActiveCfg = Debug|Any CPU
		{0FB66DEA-C735-428E-941D-35E02E2C4109}.Debug|Any CPU.Build.0 = Debug|Any CPU
		{0FB66DEA-C735-428E-941D-35E02E2C4109}.Release|Any CPU.ActiveCfg = Release|Any CPU
		{0FB66DEA-C735-428E-941D-35E02E2C4109}.Release|Any CPU.Build.0 = Release|Any CPU
		{2C7B8138-E609-4BB7-A24A-B0FE55A23683}.Debug|Any CPU.ActiveCfg = Debug|Any CPU
		{2C7B8138-E609-4BB7-A24A-B0FE55A23683}.Debug|Any CPU.Build.0 = Debug|Any CPU
		{2C7B8138-E609-4BB7-A24A-B0FE55A23683}.Release|Any CPU.ActiveCfg = Release|Any CPU
		{2C7B8138-E609-4BB7-A24A-B0FE55A23683}.Release|Any CPU.Build.0 = Release|Any CPU
	EndGlobalSection
	GlobalSection(SolutionProperties) = preSolution
		HideSolutionNode = FALSE
	EndGlobalSection
	GlobalSection(ExtensibilityGlobals) = postSolution
		SolutionGuid = {32BCD8EA-49D4-4F51-B117-6533BBA4011C}
	EndGlobalSection
EndGlobal
